{
  "name": "last",
  "version": "0.1.0",
  "lockfileVersion": 1,
  "requires": true,
  "dependencies": {
    "hexo-wordcount": {
      "version": "6.0.1",
      "resolved": "https://registry.nlark.com/hexo-wordcount/download/hexo-wordcount-6.0.1.tgz",
      "integrity": "sha1-WmDvydPI5CGVby/WaDypSop5UmQ="
    }
  }
}
