# THIS IS AN AUTOGENERATED FILE. DO NOT EDIT THIS FILE DIRECTLY.
# yarn lockfile v1


hexo-wordcount@^6.0.1:
  version "6.0.1"
  resolved "https://registry.npm.taobao.org/hexo-wordcount/download/hexo-wordcount-6.0.1.tgz#5a60efc9d3c8e421956f2fd6683ca94a8a795264"
  integrity sha1-WmDvydPI5CGVby/WaDypSop5UmQ=
